
Microsoft Visual Studio Solution File, Format Version 12.00
# Visual Studio Version 17
VisualStudioVersion = 17.5.002.0
MinimumVisualStudioVersion = 10.0.40219.1
Project("{9A19103F-16F7-4668-BE54-9A1E7A4F7556}") = "Task00", "Task00\Task00.csproj", "{DB8A12AE-C0AF-49A8-88D5-DB5DC980435E}"
EndProject
Project("{9A19103F-16F7-4668-BE54-9A1E7A4F7556}") = "Task01", "Task01\Task01.csproj", "{BABB49E6-660D-42D4-A968-78142AE30390}"
EndProject
Project("{9A19103F-16F7-4668-BE54-9A1E7A4F7556}") = "Task02", "Task02\Task02.csproj", "{8093860C-6374-4BFE-BDE7-7302522F5377}"
EndProject
Project("{9A19103F-16F7-4668-BE54-9A1E7A4F7556}") = "Task03", "Task03\Task03.csproj", "{50827B48-9CB7-44AE-9168-50FF19C9A4F2}"
EndProject
Project("{9A19103F-16F7-4668-BE54-9A1E7A4F7556}") = "Task04", "Task04\Task04.csproj", "{21400CC7-38C5-4833-9DEB-1C41D138748B}"
EndProject
Project("{9A19103F-16F7-4668-BE54-9A1E7A4F7556}") = "Task05", "Task05\Task05.csproj", "{EBA158CD-EF43-472D-A984-E1ED5100F9B1}"
EndProject
Project("{9A19103F-16F7-4668-BE54-9A1E7A4F7556}") = "Task06", "Task06\Task06.csproj", "{2138B92F-D73E-42CD-9A37-79AF407DF3E4}"
EndProject
Project("{9A19103F-16F7-4668-BE54-9A1E7A4F7556}") = "Task07", "Task07\Task07.csproj", "{A00929C2-4D5D-49EF-9DC7-2E7A47A5E230}"
EndProject
Project("{9A19103F-16F7-4668-BE54-9A1E7A4F7556}") = "Task08", "Task08\Task08.csproj", "{5F87D6B8-CBE3-416D-B672-DCD3D45F50BD}"
EndProject
Project("{9A19103F-16F7-4668-BE54-9A1E7A4F7556}") = "Task17", "Task17\Task17.csproj", "{81A766C2-3811-43D2-9614-AD3F0FBC4491}"
EndProject
Project("{9A19103F-16F7-4668-BE54-9A1E7A4F7556}") = "Task18", "Task18\Task18.csproj", "{9105113A-769E-47D6-B477-58A6B1E69DB7}"
EndProject
Project("{9A19103F-16F7-4668-BE54-9A1E7A4F7556}") = "Task20", "Task20\Task20.csproj", "{C651B357-5504-4F17-912B-3374CB1FBCC8}"
EndProject
Project("{9A19103F-16F7-4668-BE54-9A1E7A4F7556}") = "Task22", "Task22\Task22.csproj", "{E7AAFABA-7584-4A0A-AE2C-04D5E72D89BD}"
EndProject
Global
	GlobalSection(SolutionConfigurationPlatforms) = preSolution
		Debug|Any CPU = Debug|Any CPU
		Release|Any CPU = Release|Any CPU
	EndGlobalSection
	GlobalSection(ProjectConfigurationPlatforms) = postSolution
		{DB8A12AE-C0AF-49A8-88D5-DB5DC980435E}.Debug|Any CPU.ActiveCfg = Debug|Any CPU
		{DB8A12AE-C0AF-49A8-88D5-DB5DC980435E}.Debug|Any CPU.Build.0 = Debug|Any CPU
		{DB8A12AE-C0AF-49A8-88D5-DB5DC980435E}.Release|Any CPU.ActiveCfg = Release|Any CPU
		{DB8A12AE-C0AF-49A8-88D5-DB5DC980435E}.Release|Any CPU.Build.0 = Release|Any CPU
		{BABB49E6-660D-42D4-A968-78142AE30390}.Debug|Any CPU.ActiveCfg = Debug|Any CPU
		{BABB49E6-660D-42D4-A968-78142AE30390}.Debug|Any CPU.Build.0 = Debug|Any CPU
		{BABB49E6-660D-42D4-A968-78142AE30390}.Release|Any CPU.ActiveCfg = Release|Any CPU
		{BABB49E6-660D-42D4-A968-78142AE30390}.Release|Any CPU.Build.0 = Release|Any CPU
		{8093860C-6374-4BFE-BDE7-7302522F5377}.Debug|Any CPU.ActiveCfg = Debug|Any CPU
		{8093860C-6374-4BFE-BDE7-7302522F5377}.Debug|Any CPU.Build.0 = Debug|Any CPU
		{8093860C-6374-4BFE-BDE7-7302522F5377}.Release|Any CPU.ActiveCfg = Release|Any CPU
		{8093860C-6374-4BFE-BDE7-7302522F5377}.Release|Any CPU.Build.0 = Release|Any CPU
		{50827B48-9CB7-44AE-9168-50FF19C9A4F2}.Debug|Any CPU.ActiveCfg = Debug|Any CPU
		{50827B48-9CB7-44AE-9168-50FF19C9A4F2}.Debug|Any CPU.Build.0 = Debug|Any CPU
		{50827B48-9CB7-44AE-9168-50FF19C9A4F2}.Release|Any CPU.ActiveCfg = Release|Any CPU
		{50827B48-9CB7-44AE-9168-50FF19C9A4F2}.Release|Any CPU.Build.0 = Release|Any CPU
		{21400CC7-38C5-4833-9DEB-1C41D138748B}.Debug|Any CPU.ActiveCfg = Debug|Any CPU
		{21400CC7-38C5-4833-9DEB-1C41D138748B}.Debug|Any CPU.Build.0 = Debug|Any CPU
		{21400CC7-38C5-4833-9DEB-1C41D138748B}.Release|Any CPU.ActiveCfg = Release|Any CPU
		{21400CC7-38C5-4833-9DEB-1C41D138748B}.Release|Any CPU.Build.0 = Release|Any CPU
		{EBA158CD-EF43-472D-A984-E1ED5100F9B1}.Debug|Any CPU.ActiveCfg = Debug|Any CPU
		{EBA158CD-EF43-472D-A984-E1ED5100F9B1}.Debug|Any CPU.Build.0 = Debug|Any CPU
		{EBA158CD-EF43-472D-A984-E1ED5100F9B1}.Release|Any CPU.ActiveCfg = Release|Any CPU
		{EBA158CD-EF43-472D-A984-E1ED5100F9B1}.Release|Any CPU.Build.0 = Release|Any CPU
		{2138B92F-D73E-42CD-9A37-79AF407DF3E4}.Debug|Any CPU.ActiveCfg = Debug|Any CPU
		{2138B92F-D73E-42CD-9A37-79AF407DF3E4}.Debug|Any CPU.Build.0 = Debug|Any CPU
		{2138B92F-D73E-42CD-9A37-79AF407DF3E4}.Release|Any CPU.ActiveCfg = Release|Any CPU
		{2138B92F-D73E-42CD-9A37-79AF407DF3E4}.Release|Any CPU.Build.0 = Release|Any CPU
		{A00929C2-4D5D-49EF-9DC7-2E7A47A5E230}.Debug|Any CPU.ActiveCfg = Debug|Any CPU
		{A00929C2-4D5D-49EF-9DC7-2E7A47A5E230}.Debug|Any CPU.Build.0 = Debug|Any CPU
		{A00929C2-4D5D-49EF-9DC7-2E7A47A5E230}.Release|Any CPU.ActiveCfg = Release|Any CPU
		{A00929C2-4D5D-49EF-9DC7-2E7A47A5E230}.Release|Any CPU.Build.0 = Release|Any CPU
		{5F87D6B8-CBE3-416D-B672-DCD3D45F50BD}.Debug|Any CPU.ActiveCfg = Debug|Any CPU
		{5F87D6B8-CBE3-416D-B672-DCD3D45F50BD}.Debug|Any CPU.Build.0 = Debug|Any CPU
		{5F87D6B8-CBE3-416D-B672-DCD3D45F50BD}.Release|Any CPU.ActiveCfg = Release|Any CPU
		{5F87D6B8-CBE3-416D-B672-DCD3D45F50BD}.Release|Any CPU.Build.0 = Release|Any CPU
		{81A766C2-3811-43D2-9614-AD3F0FBC4491}.Debug|Any CPU.ActiveCfg = Debug|Any CPU
		{81A766C2-3811-43D2-9614-AD3F0FBC4491}.Debug|Any CPU.Build.0 = Debug|Any CPU
		{81A766C2-3811-43D2-9614-AD3F0FBC4491}.Release|Any CPU.ActiveCfg = Release|Any CPU
		{81A766C2-3811-43D2-9614-AD3F0FBC4491}.Release|Any CPU.Build.0 = Release|Any CPU
		{9105113A-769E-47D6-B477-58A6B1E69DB7}.Debug|Any CPU.ActiveCfg = Debug|Any CPU
		{9105113A-769E-47D6-B477-58A6B1E69DB7}.Debug|Any CPU.Build.0 = Debug|Any CPU
		{9105113A-769E-47D6-B477-58A6B1E69DB7}.Release|Any CPU.ActiveCfg = Release|Any CPU
		{9105113A-769E-47D6-B477-58A6B1E69DB7}.Release|Any CPU.Build.0 = Release|Any CPU
		{C651B357-5504-4F17-912B-3374CB1FBCC8}.Debug|Any CPU.ActiveCfg = Debug|Any CPU
		{C651B357-5504-4F17-912B-3374CB1FBCC8}.Debug|Any CPU.Build.0 = Debug|Any CPU
		{C651B357-5504-4F17-912B-3374CB1FBCC8}.Release|Any CPU.ActiveCfg = Release|Any CPU
		{C651B357-5504-4F17-912B-3374CB1FBCC8}.Release|Any CPU.Build.0 = Release|Any CPU
		{E7AAFABA-7584-4A0A-AE2C-04D5E72D89BD}.Debug|Any CPU.ActiveCfg = Debug|Any CPU
		{E7AAFABA-7584-4A0A-AE2C-04D5E72D89BD}.Debug|Any CPU.Build.0 = Debug|Any CPU
		{E7AAFABA-7584-4A0A-AE2C-04D5E72D89BD}.Release|Any CPU.ActiveCfg = Release|Any CPU
		{E7AAFABA-7584-4A0A-AE2C-04D5E72D89BD}.Release|Any CPU.Build.0 = Release|Any CPU
	EndGlobalSection
	GlobalSection(SolutionProperties) = preSolution
		HideSolutionNode = FALSE
	EndGlobalSection
	GlobalSection(ExtensibilityGlobals) = postSolution
		SolutionGuid = {F8BDD2D9-FC1E-4201-8084-591C4F8207FC}
	EndGlobalSection
EndGlobal
